
Microsoft Visual Studio Solution File, Format Version 12.00
# Visual Studio Version 16
VisualStudioVersion = 16.0.31911.196
MinimumVisualStudioVersion = 10.0.40219.1
Project("{8BC9CEB8-8B4A-11D0-8D11-00A0C91BC942}") = "UVa 315 - Network", "UVa 315 - Network.vcxproj", "{EA2C7134-D2A8-4BE3-A87C-B6D6FB35BEB3}"
EndProject
Global
	GlobalSection(SolutionConfigurationPlatforms) = preSolution
		Debug|x64 = Debug|x64
		Debug|x86 = Debug|x86
		Release|x64 = Release|x64
		Release|x86 = Release|x86
	EndGlobalSection
	GlobalSection(ProjectConfigurationPlatforms) = postSolution
		{EA2C7134-D2A8-4BE3-A87C-B6D6FB35BEB3}.Debug|x64.ActiveCfg = Debug|x64
		{EA2C7134-D2A8-4BE3-A87C-B6D6FB35BEB3}.Debug|x64.Build.0 = Debug|x64
		{EA2C7134-D2A8-4BE3-A87C-B6D6FB35BEB3}.Debug|x86.ActiveCfg = Debug|Win32
		{EA2C7134-D2A8-4BE3-A87C-B6D6FB35BEB3}.Debug|x86.Build.0 = Debug|Win32
		{EA2C7134-D2A8-4BE3-A87C-B6D6FB35BEB3}.Release|x64.ActiveCfg = Release|x64
		{EA2C7134-D2A8-4BE3-A87C-B6D6FB35BEB3}.Release|x64.Build.0 = Release|x64
		{EA2C7134-D2A8-4BE3-A87C-B6D6FB35BEB3}.Release|x86.ActiveCfg = Release|Win32
		{EA2C7134-D2A8-4BE3-A87C-B6D6FB35BEB3}.Release|x86.Build.0 = Release|Win32
	EndGlobalSection
	GlobalSection(SolutionProperties) = preSolution
		HideSolutionNode = FALSE
	EndGlobalSection
	GlobalSection(ExtensibilityGlobals) = postSolution
		SolutionGuid = {FD886B55-2C83-41C2-99DA-DCBA7D58B885}
	EndGlobalSection
EndGlobal
