
Microsoft Visual Studio Solution File, Format Version 12.00
# Visual Studio Version 16
VisualStudioVersion = 16.0.31911.196
MinimumVisualStudioVersion = 10.0.40219.1
Project("{8BC9CEB8-8B4A-11D0-8D11-00A0C91BC942}") = "UVa 10901 - Ferry Loading III", "UVa 10901 - Ferry Loading III.vcxproj", "{77C96CC4-641E-4101-AA51-3FF40D9DB8A3}"
EndProject
Global
	GlobalSection(SolutionConfigurationPlatforms) = preSolution
		Debug|x64 = Debug|x64
		Debug|x86 = Debug|x86
		Release|x64 = Release|x64
		Release|x86 = Release|x86
	EndGlobalSection
	GlobalSection(ProjectConfigurationPlatforms) = postSolution
		{77C96CC4-641E-4101-AA51-3FF40D9DB8A3}.Debug|x64.ActiveCfg = Debug|x64
		{77C96CC4-641E-4101-AA51-3FF40D9DB8A3}.Debug|x64.Build.0 = Debug|x64
		{77C96CC4-641E-4101-AA51-3FF40D9DB8A3}.Debug|x86.ActiveCfg = Debug|Win32
		{77C96CC4-641E-4101-AA51-3FF40D9DB8A3}.Debug|x86.Build.0 = Debug|Win32
		{77C96CC4-641E-4101-AA51-3FF40D9DB8A3}.Release|x64.ActiveCfg = Release|x64
		{77C96CC4-641E-4101-AA51-3FF40D9DB8A3}.Release|x64.Build.0 = Release|x64
		{77C96CC4-641E-4101-AA51-3FF40D9DB8A3}.Release|x86.ActiveCfg = Release|Win32
		{77C96CC4-641E-4101-AA51-3FF40D9DB8A3}.Release|x86.Build.0 = Release|Win32
	EndGlobalSection
	GlobalSection(SolutionProperties) = preSolution
		HideSolutionNode = FALSE
	EndGlobalSection
	GlobalSection(ExtensibilityGlobals) = postSolution
		SolutionGuid = {6DC04B89-9D95-4375-9599-D36BC5961ADC}
	EndGlobalSection
EndGlobal
